<?xml version="1.0" encoding="UTF-8" standalone="yes" ?>
<CodeBlocks_project_file>
	<FileVersion major="1" minor="6" />
	<Project>
		<Option title="Notepad" />
		<Option pch_mode="2" />
		<Option compiler="gcc" />
		<Build>
			<Target title="Debug">
				<Option output="bin/Debug/Notepad" prefix_auto="1" extension_auto="1" />
				<Option object_output="obj/Debug/" />
				<Option type="0" />
				<Option compiler="gcc" />
				<Option projectLinkerOptionsRelation="2" />
				<Compiler>
					<Add option="-g" />
				</Compiler>
			</Target>
			<Target title="Release">
				<Option output="bin/Release/Notepad" prefix_auto="1" extension_auto="1" />
				<Option object_output="obj/Release/" />
				<Option type="0" />
				<Option compiler="gcc" />
				<Option projectLinkerOptionsRelation="2" />
				<Compiler>
					<Add option="-O2" />
				</Compiler>
				<Linker>
					<Add option="-s" />
				</Linker>
			</Target>
		</Build>
		<Compiler>
			<Add option="`wx-config --cflags`" />
			<Add option="-Wall" />
		</Compiler>
		<Linker>
			<Add option="`wx-config --libs`" />
		</Linker>
		<Unit filename="NotepadApp.cpp" />
		<Unit filename="NotepadApp.h" />
		<Unit filename="NotepadMain.cpp" />
		<Unit filename="NotepadMain.h" />
		<Unit filename="exitWarning.cpp" />
		<Unit filename="exitWarning.h" />
		<Unit filename="previousSave.cpp" />
		<Unit filename="previousSave.h" />
		<Unit filename="wxsmith/Notepadframe.wxs" />
		<Unit filename="wxsmith/exitWarning.wxs" />
		<Unit filename="wxsmith/previousSave.wxs" />
		<Extensions>
			<code_completion />
			<envvars />
			<wxsmith version="1">
				<gui name="wxWidgets" src="NotepadApp.cpp" main="NotepadFrame" init_handlers="necessary" language="CPP" />
				<resources>
					<wxFrame wxs="wxsmith/Notepadframe.wxs" src="NotepadMain.cpp" hdr="NotepadMain.h" fwddecl="0" i18n="1" name="NotepadFrame" language="CPP" />
					<wxDialog wxs="wxsmith/previousSave.wxs" src="previousSave.cpp" hdr="previousSave.h" fwddecl="0" i18n="1" name="previousSave" language="CPP" />
					<wxDialog wxs="wxsmith/exitWarning.wxs" src="exitWarning.cpp" hdr="exitWarning.h" fwddecl="0" i18n="1" name="exitWarning" language="CPP" />
				</resources>
			</wxsmith>
			<debugger />
		</Extensions>
	</Project>
</CodeBlocks_project_file>
